
Microsoft Visual Studio Solution File, Format Version 12.00
# Visual Studio Version 17
VisualStudioVersion = 17.7.34302.85
MinimumVisualStudioVersion = 10.0.40219.1
Project("{FAE04EC0-301F-11D3-BF4B-00C04F79EFBC}") = "CmdLineArgs", "CmdLineArgs\CmdLineArgs.csproj", "{97659570-AEF9-4EF4-B5FD-3C0DB478D604}"
EndProject
Global
	GlobalSection(SolutionConfigurationPlatforms) = preSolution
		Debug|Any CPU = Debug|Any CPU
		Release|Any CPU = Release|Any CPU
	EndGlobalSection
	GlobalSection(ProjectConfigurationPlatforms) = postSolution
		{97659570-AEF9-4EF4-B5FD-3C0DB478D604}.Debug|Any CPU.ActiveCfg = Debug|Any CPU
		{97659570-AEF9-4EF4-B5FD-3C0DB478D604}.Debug|Any CPU.Build.0 = Debug|Any CPU
		{97659570-AEF9-4EF4-B5FD-3C0DB478D604}.Release|Any CPU.ActiveCfg = Release|Any CPU
		{97659570-AEF9-4EF4-B5FD-3C0DB478D604}.Release|Any CPU.Build.0 = Release|Any CPU
	EndGlobalSection
	GlobalSection(SolutionProperties) = preSolution
		HideSolutionNode = FALSE
	EndGlobalSection
	GlobalSection(ExtensibilityGlobals) = postSolution
		SolutionGuid = {5C1AB70E-ED49-4F86-AEE1-75EC50C2A56C}
	EndGlobalSection
EndGlobal
